
Microsoft Visual Studio Solution File, Format Version 12.00
# Visual Studio Version 16
VisualStudioVersion = 16.0.30717.126
MinimumVisualStudioVersion = 10.0.40219.1
Project("{FAE04EC0-301F-11D3-BF4B-00C04F79EFBC}") = "IO", "IO\IO.csproj", "{3543FECB-571D-42D6-89B2-B3B6A06F39FF}"
EndProject
Global
	GlobalSection(SolutionConfigurationPlatforms) = preSolution
		Debug|Any CPU = Debug|Any CPU
		Release|Any CPU = Release|Any CPU
	EndGlobalSection
	GlobalSection(ProjectConfigurationPlatforms) = postSolution
		{3543FECB-571D-42D6-89B2-B3B6A06F39FF}.Debug|Any CPU.ActiveCfg = Debug|Any CPU
		{3543FECB-571D-42D6-89B2-B3B6A06F39FF}.Debug|Any CPU.Build.0 = Debug|Any CPU
		{3543FECB-571D-42D6-89B2-B3B6A06F39FF}.Release|Any CPU.ActiveCfg = Release|Any CPU
		{3543FECB-571D-42D6-89B2-B3B6A06F39FF}.Release|Any CPU.Build.0 = Release|Any CPU
	EndGlobalSection
	GlobalSection(SolutionProperties) = preSolution
		HideSolutionNode = FALSE
	EndGlobalSection
	GlobalSection(ExtensibilityGlobals) = postSolution
		SolutionGuid = {1E163742-E791-40FE-9564-A81350D35BA8}
	EndGlobalSection
EndGlobal
